{
    "_readme": [
        "This file locks the dependencies of your project to a known state",
        "Read more about it at https://getcomposer.org/doc/01-basic-usage.md#installing-dependencies",
        "This file is @generated automatically"
    ],
    "content-hash": "0ad35bb98f25689276022890f3acdc1a",
    "packages": [
        {
            "name": "zencoder/zencoder-php",
            "version": "v2.2.3",
            "source": {
                "type": "git",
                "url": "https://github.com/zencoder/zencoder-php.git",
                "reference": "e2604c441163c36fd27097d8d9a22fcdf16d1ee4"
            },
            "dist": {
                "type": "zip",
                "url": "https://api.github.com/repos/zencoder/zencoder-php/zipball/e2604c441163c36fd27097d8d9a22fcdf16d1ee4",
                "reference": "e2604c441163c36fd27097d8d9a22fcdf16d1ee4",
                "shasum": ""
            },
            "require": {
                "php": ">=5.2.0"
            },
            "type": "library",
            "autoload": {
                "psr-0": {
                    "Services_Zencoder": ""
                }
            },
            "notification-url": "https://packagist.org/downloads/",
            "license": [
                "MIT"
            ],
            "authors": [
                {
                    "name": "Zencoder",
                    "homepage": "http://zencoder.com"
                }
            ],
            "description": "Zencoder integration library for PHP",
            "homepage": "http://github.com/zencoder/zencoder-php",
            "keywords": [
                "cloud",
                "encoder",
                "encoding",
                "zencoder"
            ],
            "time": "2014-07-29T22:43:19+00:00"
        }
    ],
    "packages-dev": [],
    "aliases": [],
    "minimum-stability": "stable",
    "stability-flags": [],
    "prefer-stable": false,
    "prefer-lowest": false,
    "platform": [],
    "platform-dev": []
}
